// !$*UTF8*$!
{
	archiveVersion = 1;
	classes = {
	};
	objectVersion = 55;
	objects = {

/* Begin PBXBuildFile section */
		8411C11E28CA57DC0045EB68 /* AppDelegate.swift in Sources */ = {isa = PBXBuildFile; fileRef = 8411C11D28CA57DC0045EB68 /* AppDelegate.swift */; };
		8411C12028CA57DC0045EB68 /* SceneDelegate.swift in Sources */ = {isa = PBXBuildFile; fileRef = 8411C11F28CA57DC0045EB68 /* SceneDelegate.swift */; };
		8411C12228CA57DC0045EB68 /* PubViewController.swift in Sources */ = {isa = PBXBuildFile; fileRef = 8411C12128CA57DC0045EB68 /* PubViewController.swift */; };
		8411C12528CA57DC0045EB68 /* Main.storyboard in Resources */ = {isa = PBXBuildFile; fileRef = 8411C12328CA57DC0045EB68 /* Main.storyboard */; };
		8411C12728CA57DE0045EB68 /* Assets.xcassets in Resources */ = {isa = PBXBuildFile; fileRef = 8411C12628CA57DE0045EB68 /* Assets.xcassets */; };
		8411C12A28CA57DE0045EB68 /* LaunchScreen.storyboard in Resources */ = {isa = PBXBuildFile; fileRef = 8411C12828CA57DE0045EB68 /* LaunchScreen.storyboard */; };
		8411C13228CCE8B50045EB68 /* Beer.swift in Sources */ = {isa = PBXBuildFile; fileRef = 8411C13128CCE8B50045EB68 /* Beer.swift */; };
		8411C13628CCF3DF0045EB68 /* InfoViewController.swift in Sources */ = {isa = PBXBuildFile; fileRef = 8411C13528CCF3DF0045EB68 /* InfoViewController.swift */; };
		842826EE296F5E68003629DE /* BeerCell.swift in Sources */ = {isa = PBXBuildFile; fileRef = 842826EC296F5E68003629DE /* BeerCell.swift */; };
		842826EF296F5E68003629DE /* BeerCell.xib in Resources */ = {isa = PBXBuildFile; fileRef = 842826ED296F5E68003629DE /* BeerCell.xib */; };
		84313AE22972EE080090F0A0 /* Pub.xcdatamodeld in Sources */ = {isa = PBXBuildFile; fileRef = 84313AE02972EE080090F0A0 /* Pub.xcdatamodeld */; };
		84313AE429731DCA0090F0A0 /* DatabaseService.swift in Sources */ = {isa = PBXBuildFile; fileRef = 84313AE329731DCA0090F0A0 /* DatabaseService.swift */; };
		84313AE629731E930090F0A0 /* StorageService.swift in Sources */ = {isa = PBXBuildFile; fileRef = 84313AE529731E930090F0A0 /* StorageService.swift */; };
		8464EADD297067DC00A551BB /* PubViewModel.swift in Sources */ = {isa = PBXBuildFile; fileRef = 8464EADC297067DC00A551BB /* PubViewModel.swift */; };
		8464EAE029706FEC00A551BB /* InfoViewModel.swift in Sources */ = {isa = PBXBuildFile; fileRef = 8464EADF29706FEC00A551BB /* InfoViewModel.swift */; };
		84AD920A2982BE3800AE6393 /* InfoViewModelTest.swift in Sources */ = {isa = PBXBuildFile; fileRef = 84AD92092982BE3800AE6393 /* InfoViewModelTest.swift */; };
		84AD92112982C51500AE6393 /* PubViewModelTest.swift in Sources */ = {isa = PBXBuildFile; fileRef = 84AD92102982C51500AE6393 /* PubViewModelTest.swift */; };
/* End PBXBuildFile section */

/* Begin PBXContainerItemProxy section */
		84AD920B2982BE3800AE6393 /* PBXContainerItemProxy */ = {
			isa = PBXContainerItemProxy;
			containerPortal = 8411C11228CA57DC0045EB68 /* Project object */;
			proxyType = 1;
			remoteGlobalIDString = 8411C11928CA57DC0045EB68;
			remoteInfo = lecture5;
		};
/* End PBXContainerItemProxy section */

/* Begin PBXFileReference section */
		8411C11A28CA57DC0045EB68 /* lecture5.app */ = {isa = PBXFileReference; explicitFileType = wrapper.application; includeInIndex = 0; path = lecture5.app; sourceTree = BUILT_PRODUCTS_DIR; };
		8411C11D28CA57DC0045EB68 /* AppDelegate.swift */ = {isa = PBXFileReference; lastKnownFileType = sourcecode.swift; path = AppDelegate.swift; sourceTree = "<group>"; };
		8411C11F28CA57DC0045EB68 /* SceneDelegate.swift */ = {isa = PBXFileReference; lastKnownFileType = sourcecode.swift; path = SceneDelegate.swift; sourceTree = "<group>"; };
		8411C12128CA57DC0045EB68 /* PubViewController.swift */ = {isa = PBXFileReference; lastKnownFileType = sourcecode.swift; path = PubViewController.swift; sourceTree = "<group>"; };
		8411C12428CA57DC0045EB68 /* Base */ = {isa = PBXFileReference; lastKnownFileType = file.storyboard; name = Base; path = Base.lproj/Main.storyboard; sourceTree = "<group>"; };
		8411C12628CA57DE0045EB68 /* Assets.xcassets */ = {isa = PBXFileReference; lastKnownFileType = folder.assetcatalog; path = Assets.xcassets; sourceTree = "<group>"; };
		8411C12928CA57DE0045EB68 /* Base */ = {isa = PBXFileReference; lastKnownFileType = file.storyboard; name = Base; path = Base.lproj/LaunchScreen.storyboard; sourceTree = "<group>"; };
		8411C12B28CA57DE0045EB68 /* Info.plist */ = {isa = PBXFileReference; lastKnownFileType = text.plist.xml; path = Info.plist; sourceTree = "<group>"; };
		8411C13128CCE8B50045EB68 /* Beer.swift */ = {isa = PBXFileReference; lastKnownFileType = sourcecode.swift; path = Beer.swift; sourceTree = "<group>"; };
		8411C13528CCF3DF0045EB68 /* InfoViewController.swift */ = {isa = PBXFileReference; lastKnownFileType = sourcecode.swift; path = InfoViewController.swift; sourceTree = "<group>"; };
		842826EC296F5E68003629DE /* BeerCell.swift */ = {isa = PBXFileReference; lastKnownFileType = sourcecode.swift; path = BeerCell.swift; sourceTree = "<group>"; };
		842826ED296F5E68003629DE /* BeerCell.xib */ = {isa = PBXFileReference; lastKnownFileType = file.xib; path = BeerCell.xib; sourceTree = "<group>"; };
		84313AE12972EE080090F0A0 /* Pub.xcdatamodel */ = {isa = PBXFileReference; lastKnownFileType = wrapper.xcdatamodel; path = Pub.xcdatamodel; sourceTree = "<group>"; };
		84313AE329731DCA0090F0A0 /* DatabaseService.swift */ = {isa = PBXFileReference; lastKnownFileType = sourcecode.swift; path = DatabaseService.swift; sourceTree = "<group>"; };
		84313AE529731E930090F0A0 /* StorageService.swift */ = {isa = PBXFileReference; lastKnownFileType = sourcecode.swift; path = StorageService.swift; sourceTree = "<group>"; };
		8464EADC297067DC00A551BB /* PubViewModel.swift */ = {isa = PBXFileReference; lastKnownFileType = sourcecode.swift; path = PubViewModel.swift; sourceTree = "<group>"; };
		8464EADF29706FEC00A551BB /* InfoViewModel.swift */ = {isa = PBXFileReference; lastKnownFileType = sourcecode.swift; path = InfoViewModel.swift; sourceTree = "<group>"; };
		84AD92072982BE3800AE6393 /* InfoViewModelTest.xctest */ = {isa = PBXFileReference; explicitFileType = wrapper.cfbundle; includeInIndex = 0; path = InfoViewModelTest.xctest; sourceTree = BUILT_PRODUCTS_DIR; };
		84AD92092982BE3800AE6393 /* InfoViewModelTest.swift */ = {isa = PBXFileReference; lastKnownFileType = sourcecode.swift; path = InfoViewModelTest.swift; sourceTree = "<group>"; };
		84AD92102982C51500AE6393 /* PubViewModelTest.swift */ = {isa = PBXFileReference; lastKnownFileType = sourcecode.swift; path = PubViewModelTest.swift; sourceTree = "<group>"; };
/* End PBXFileReference section */

/* Begin PBXFrameworksBuildPhase section */
		8411C11728CA57DC0045EB68 /* Frameworks */ = {
			isa = PBXFrameworksBuildPhase;
			buildActionMask = 2147483647;
			files = (
			);
			runOnlyForDeploymentPostprocessing = 0;
		};
		84AD92042982BE3800AE6393 /* Frameworks */ = {
			isa = PBXFrameworksBuildPhase;
			buildActionMask = 2147483647;
			files = (
			);
			runOnlyForDeploymentPostprocessing = 0;
		};
/* End PBXFrameworksBuildPhase section */

/* Begin PBXGroup section */
		8411C11128CA57DC0045EB68 = {
			isa = PBXGroup;
			children = (
				8411C11C28CA57DC0045EB68 /* lecture5 */,
				84AD92082982BE3800AE6393 /* test */,
				8411C11B28CA57DC0045EB68 /* Products */,
			);
			sourceTree = "<group>";
		};
		8411C11B28CA57DC0045EB68 /* Products */ = {
			isa = PBXGroup;
			children = (
				8411C11A28CA57DC0045EB68 /* lecture5.app */,
				84AD92072982BE3800AE6393 /* InfoViewModelTest.xctest */,
			);
			name = Products;
			sourceTree = "<group>";
		};
		8411C11C28CA57DC0045EB68 /* lecture5 */ = {
			isa = PBXGroup;
			children = (
				84313AE02972EE080090F0A0 /* Pub.xcdatamodeld */,
				842826EB296F4E28003629DE /* Service */,
				842826E9296F4E06003629DE /* Model */,
				842826E8296F4DFA003629DE /* View */,
				842826E7296F4DDF003629DE /* Resources */,
				842826E6296F4DD4003629DE /* Controllers */,
				842826E5296F4DC6003629DE /* App */,
			);
			path = lecture5;
			sourceTree = "<group>";
		};
		842826E5296F4DC6003629DE /* App */ = {
			isa = PBXGroup;
			children = (
				8411C12B28CA57DE0045EB68 /* Info.plist */,
				8411C11D28CA57DC0045EB68 /* AppDelegate.swift */,
				8411C11F28CA57DC0045EB68 /* SceneDelegate.swift */,
			);
			path = App;
			sourceTree = "<group>";
		};
		842826E6296F4DD4003629DE /* Controllers */ = {
			isa = PBXGroup;
			children = (
				8464EADE29706FD300A551BB /* Info */,
				8464EADB297067C200A551BB /* Main */,
			);
			path = Controllers;
			sourceTree = "<group>";
		};
		842826E7296F4DDF003629DE /* Resources */ = {
			isa = PBXGroup;
			children = (
				8411C12628CA57DE0045EB68 /* Assets.xcassets */,
				8411C12828CA57DE0045EB68 /* LaunchScreen.storyboard */,
			);
			path = Resources;
			sourceTree = "<group>";
		};
		842826E8296F4DFA003629DE /* View */ = {
			isa = PBXGroup;
			children = (
				8411C12328CA57DC0045EB68 /* Main.storyboard */,
				842826EC296F5E68003629DE /* BeerCell.swift */,
				842826ED296F5E68003629DE /* BeerCell.xib */,
			);
			path = View;
			sourceTree = "<group>";
		};
		842826E9296F4E06003629DE /* Model */ = {
			isa = PBXGroup;
			children = (
				8411C13128CCE8B50045EB68 /* Beer.swift */,
			);
			path = Model;
			sourceTree = "<group>";
		};
		842826EB296F4E28003629DE /* Service */ = {
			isa = PBXGroup;
			children = (
				84313AE329731DCA0090F0A0 /* DatabaseService.swift */,
				84313AE529731E930090F0A0 /* StorageService.swift */,
			);
			path = Service;
			sourceTree = "<group>";
		};
		8464EADB297067C200A551BB /* Main */ = {
			isa = PBXGroup;
			children = (
				8411C12128CA57DC0045EB68 /* PubViewController.swift */,
				8464EADC297067DC00A551BB /* PubViewModel.swift */,
			);
			path = Main;
			sourceTree = "<group>";
		};
		8464EADE29706FD300A551BB /* Info */ = {
			isa = PBXGroup;
			children = (
				8411C13528CCF3DF0045EB68 /* InfoViewController.swift */,
				8464EADF29706FEC00A551BB /* InfoViewModel.swift */,
			);
			path = Info;
			sourceTree = "<group>";
		};
		84AD92082982BE3800AE6393 /* test */ = {
			isa = PBXGroup;
			children = (
				84AD92102982C51500AE6393 /* PubViewModelTest.swift */,
				84AD92092982BE3800AE6393 /* InfoViewModelTest.swift */,
			);
			path = test;
			sourceTree = "<group>";
		};
/* End PBXGroup section */

/* Begin PBXNativeTarget section */
		8411C11928CA57DC0045EB68 /* lecture5 */ = {
			isa = PBXNativeTarget;
			buildConfigurationList = 8411C12E28CA57DE0045EB68 /* Build configuration list for PBXNativeTarget "lecture5" */;
			buildPhases = (
				8411C11628CA57DC0045EB68 /* Sources */,
				8411C11728CA57DC0045EB68 /* Frameworks */,
				8411C11828CA57DC0045EB68 /* Resources */,
			);
			buildRules = (
			);
			dependencies = (
			);
			name = lecture5;
			productName = lecture5;
			productReference = 8411C11A28CA57DC0045EB68 /* lecture5.app */;
			productType = "com.apple.product-type.application";
		};
		84AD92062982BE3800AE6393 /* InfoViewModelTest */ = {
			isa = PBXNativeTarget;
			buildConfigurationList = 84AD920D2982BE3800AE6393 /* Build configuration list for PBXNativeTarget "InfoViewModelTest" */;
			buildPhases = (
				84AD92032982BE3800AE6393 /* Sources */,
				84AD92042982BE3800AE6393 /* Frameworks */,
				84AD92052982BE3800AE6393 /* Resources */,
			);
			buildRules = (
			);
			dependencies = (
				84AD920C2982BE3800AE6393 /* PBXTargetDependency */,
			);
			name = InfoViewModelTest;
			productName = InfoViewModelTest;
			productReference = 84AD92072982BE3800AE6393 /* InfoViewModelTest.xctest */;
			productType = "com.apple.product-type.bundle.unit-test";
		};
/* End PBXNativeTarget section */

/* Begin PBXProject section */
		8411C11228CA57DC0045EB68 /* Project object */ = {
			isa = PBXProject;
			attributes = {
				BuildIndependentTargetsInParallel = 1;
				LastSwiftUpdateCheck = 1420;
				LastUpgradeCheck = 1340;
				TargetAttributes = {
					8411C11928CA57DC0045EB68 = {
						CreatedOnToolsVersion = 13.4.1;
					};
					84AD92062982BE3800AE6393 = {
						CreatedOnToolsVersion = 14.2;
						TestTargetID = 8411C11928CA57DC0045EB68;
					};
				};
			};
			buildConfigurationList = 8411C11528CA57DC0045EB68 /* Build configuration list for PBXProject "lecture5" */;
			compatibilityVersion = "Xcode 13.0";
			developmentRegion = en;
			hasScannedForEncodings = 0;
			knownRegions = (
				en,
				Base,
			);
			mainGroup = 8411C11128CA57DC0045EB68;
			productRefGroup = 8411C11B28CA57DC0045EB68 /* Products */;
			projectDirPath = "";
			projectRoot = "";
			targets = (
				8411C11928CA57DC0045EB68 /* lecture5 */,
				84AD92062982BE3800AE6393 /* InfoViewModelTest */,
			);
		};
/* End PBXProject section */

/* Begin PBXResourcesBuildPhase section */
		8411C11828CA57DC0045EB68 /* Resources */ = {
			isa = PBXResourcesBuildPhase;
			buildActionMask = 2147483647;
			files = (
				8411C12A28CA57DE0045EB68 /* LaunchScreen.storyboard in Resources */,
				8411C12728CA57DE0045EB68 /* Assets.xcassets in Resources */,
				8411C12528CA57DC0045EB68 /* Main.storyboard in Resources */,
				842826EF296F5E68003629DE /* BeerCell.xib in Resources */,
			);
			runOnlyForDeploymentPostprocessing = 0;
		};
		84AD92052982BE3800AE6393 /* Resources */ = {
			isa = PBXResourcesBuildPhase;
			buildActionMask = 2147483647;
			files = (
			);
			runOnlyForDeploymentPostprocessing = 0;
		};
/* End PBXResourcesBuildPhase section */

/* Begin PBXSourcesBuildPhase section */
		8411C11628CA57DC0045EB68 /* Sources */ = {
			isa = PBXSourcesBuildPhase;
			buildActionMask = 2147483647;
			files = (
				8464EADD297067DC00A551BB /* PubViewModel.swift in Sources */,
				84313AE629731E930090F0A0 /* StorageService.swift in Sources */,
				8411C12228CA57DC0045EB68 /* PubViewController.swift in Sources */,
				84313AE22972EE080090F0A0 /* Pub.xcdatamodeld in Sources */,
				842826EE296F5E68003629DE /* BeerCell.swift in Sources */,
				8411C11E28CA57DC0045EB68 /* AppDelegate.swift in Sources */,
				8464EAE029706FEC00A551BB /* InfoViewModel.swift in Sources */,
				8411C12028CA57DC0045EB68 /* SceneDelegate.swift in Sources */,
				8411C13628CCF3DF0045EB68 /* InfoViewController.swift in Sources */,
				8411C13228CCE8B50045EB68 /* Beer.swift in Sources */,
				84313AE429731DCA0090F0A0 /* DatabaseService.swift in Sources */,
			);
			runOnlyForDeploymentPostprocessing = 0;
		};
		84AD92032982BE3800AE6393 /* Sources */ = {
			isa = PBXSourcesBuildPhase;
			buildActionMask = 2147483647;
			files = (
				84AD92112982C51500AE6393 /* PubViewModelTest.swift in Sources */,
				84AD920A2982BE3800AE6393 /* InfoViewModelTest.swift in Sources */,
			);
			runOnlyForDeploymentPostprocessing = 0;
		};
/* End PBXSourcesBuildPhase section */

/* Begin PBXTargetDependency section */
		84AD920C2982BE3800AE6393 /* PBXTargetDependency */ = {
			isa = PBXTargetDependency;
			target = 8411C11928CA57DC0045EB68 /* lecture5 */;
			targetProxy = 84AD920B2982BE3800AE6393 /* PBXContainerItemProxy */;
		};
/* End PBXTargetDependency section */

/* Begin PBXVariantGroup section */
		8411C12328CA57DC0045EB68 /* Main.storyboard */ = {
			isa = PBXVariantGroup;
			children = (
				8411C12428CA57DC0045EB68 /* Base */,
			);
			name = Main.storyboard;
			sourceTree = "<group>";
		};
		8411C12828CA57DE0045EB68 /* LaunchScreen.storyboard */ = {
			isa = PBXVariantGroup;
			children = (
				8411C12928CA57DE0045EB68 /* Base */,
			);
			name = LaunchScreen.storyboard;
			sourceTree = "<group>";
		};
/* End PBXVariantGroup section */

/* Begin XCBuildConfiguration section */
		8411C12C28CA57DE0045EB68 /* Debug */ = {
			isa = XCBuildConfiguration;
			buildSettings = {
				ALWAYS_SEARCH_USER_PATHS = NO;
				CLANG_ANALYZER_NONNULL = YES;
				CLANG_ANALYZER_NUMBER_OBJECT_CONVERSION = YES_AGGRESSIVE;
				CLANG_CXX_LANGUAGE_STANDARD = "gnu++17";
				CLANG_ENABLE_MODULES = YES;
				CLANG_ENABLE_OBJC_ARC = YES;
				CLANG_ENABLE_OBJC_WEAK = YES;
				CLANG_WARN_BLOCK_CAPTURE_AUTORELEASING = YES;
				CLANG_WARN_BOOL_CONVERSION = YES;
				CLANG_WARN_COMMA = YES;
				CLANG_WARN_CONSTANT_CONVERSION = YES;
				CLANG_WARN_DEPRECATED_OBJC_IMPLEMENTATIONS = YES;
				CLANG_WARN_DIRECT_OBJC_ISA_USAGE = YES_ERROR;
				CLANG_WARN_DOCUMENTATION_COMMENTS = YES;
				CLANG_WARN_EMPTY_BODY = YES;
				CLANG_WARN_ENUM_CONVERSION = YES;
				CLANG_WARN_INFINITE_RECURSION = YES;
				CLANG_WARN_INT_CONVERSION = YES;
				CLANG_WARN_NON_LITERAL_NULL_CONVERSION = YES;
				CLANG_WARN_OBJC_IMPLICIT_RETAIN_SELF = YES;
				CLANG_WARN_OBJC_LITERAL_CONVERSION = YES;
				CLANG_WARN_OBJC_ROOT_CLASS = YES_ERROR;
				CLANG_WARN_QUOTED_INCLUDE_IN_FRAMEWORK_HEADER = YES;
				CLANG_WARN_RANGE_LOOP_ANALYSIS = YES;
				CLANG_WARN_STRICT_PROTOTYPES = YES;
				CLANG_WARN_SUSPICIOUS_MOVE = YES;
				CLANG_WARN_UNGUARDED_AVAILABILITY = YES_AGGRESSIVE;
				CLANG_WARN_UNREACHABLE_CODE = YES;
				CLANG_WARN__DUPLICATE_METHOD_MATCH = YES;
				COPY_PHASE_STRIP = NO;
				DEBUG_INFORMATION_FORMAT = dwarf;
				ENABLE_STRICT_OBJC_MSGSEND = YES;
				ENABLE_TESTABILITY = YES;
				GCC_C_LANGUAGE_STANDARD = gnu11;
				GCC_DYNAMIC_NO_PIC = NO;
				GCC_NO_COMMON_BLOCKS = YES;
				GCC_OPTIMIZATION_LEVEL = 0;
				GCC_PREPROCESSOR_DEFINITIONS = (
					"DEBUG=1",
					"$(inherited)",
				);
				GCC_WARN_64_TO_32_BIT_CONVERSION = YES;
				GCC_WARN_ABOUT_RETURN_TYPE = YES_ERROR;
				GCC_WARN_UNDECLARED_SELECTOR = YES;
				GCC_WARN_UNINITIALIZED_AUTOS = YES_AGGRESSIVE;
				GCC_WARN_UNUSED_FUNCTION = YES;
				GCC_WARN_UNUSED_VARIABLE = YES;
				IPHONEOS_DEPLOYMENT_TARGET = 15.5;
				MTL_ENABLE_DEBUG_INFO = INCLUDE_SOURCE;
				MTL_FAST_MATH = YES;
				ONLY_ACTIVE_ARCH = YES;
				SDKROOT = iphoneos;
				SWIFT_ACTIVE_COMPILATION_CONDITIONS = DEBUG;
				SWIFT_OPTIMIZATION_LEVEL = "-Onone";
			};
			name = Debug;
		};
		8411C12D28CA57DE0045EB68 /* Release */ = {
			isa = XCBuildConfiguration;
			buildSettings = {
				ALWAYS_SEARCH_USER_PATHS = NO;
				CLANG_ANALYZER_NONNULL = YES;
				CLANG_ANALYZER_NUMBER_OBJECT_CONVERSION = YES_AGGRESSIVE;
				CLANG_CXX_LANGUAGE_STANDARD = "gnu++17";
				CLANG_ENABLE_MODULES = YES;
				CLANG_ENABLE_OBJC_ARC = YES;
				CLANG_ENABLE_OBJC_WEAK = YES;
				CLANG_WARN_BLOCK_CAPTURE_AUTORELEASING = YES;
				CLANG_WARN_BOOL_CONVERSION = YES;
				CLANG_WARN_COMMA = YES;
				CLANG_WARN_CONSTANT_CONVERSION = YES;
				CLANG_WARN_DEPRECATED_OBJC_IMPLEMENTATIONS = YES;
				CLANG_WARN_DIRECT_OBJC_ISA_USAGE = YES_ERROR;
				CLANG_WARN_DOCUMENTATION_COMMENTS = YES;
				CLANG_WARN_EMPTY_BODY = YES;
				CLANG_WARN_ENUM_CONVERSION = YES;
				CLANG_WARN_INFINITE_RECURSION = YES;
				CLANG_WARN_INT_CONVERSION = YES;
				CLANG_WARN_NON_LITERAL_NULL_CONVERSION = YES;
				CLANG_WARN_OBJC_IMPLICIT_RETAIN_SELF = YES;
				CLANG_WARN_OBJC_LITERAL_CONVERSION = YES;
				CLANG_WARN_OBJC_ROOT_CLASS = YES_ERROR;
				CLANG_WARN_QUOTED_INCLUDE_IN_FRAMEWORK_HEADER = YES;
				CLANG_WARN_RANGE_LOOP_ANALYSIS = YES;
				CLANG_WARN_STRICT_PROTOTYPES = YES;
				CLANG_WARN_SUSPICIOUS_MOVE = YES;
				CLANG_WARN_UNGUARDED_AVAILABILITY = YES_AGGRESSIVE;
				CLANG_WARN_UNREACHABLE_CODE = YES;
				CLANG_WARN__DUPLICATE_METHOD_MATCH = YES;
				COPY_PHASE_STRIP = NO;
				DEBUG_INFORMATION_FORMAT = "dwarf-with-dsym";
				ENABLE_NS_ASSERTIONS = NO;
				ENABLE_STRICT_OBJC_MSGSEND = YES;
				GCC_C_LANGUAGE_STANDARD = gnu11;
				GCC_NO_COMMON_BLOCKS = YES;
				GCC_WARN_64_TO_32_BIT_CONVERSION = YES;
				GCC_WARN_ABOUT_RETURN_TYPE = YES_ERROR;
				GCC_WARN_UNDECLARED_SELECTOR = YES;
				GCC_WARN_UNINITIALIZED_AUTOS = YES_AGGRESSIVE;
				GCC_WARN_UNUSED_FUNCTION = YES;
				GCC_WARN_UNUSED_VARIABLE = YES;
				IPHONEOS_DEPLOYMENT_TARGET = 15.5;
				MTL_ENABLE_DEBUG_INFO = NO;
				MTL_FAST_MATH = YES;
				SDKROOT = iphoneos;
				SWIFT_COMPILATION_MODE = wholemodule;
				SWIFT_OPTIMIZATION_LEVEL = "-O";
				VALIDATE_PRODUCT = YES;
			};
			name = Release;
		};
		8411C12F28CA57DE0045EB68 /* Debug */ = {
			isa = XCBuildConfiguration;
			buildSettings = {
				ASSETCATALOG_COMPILER_APPICON_NAME = AppIcon;
				ASSETCATALOG_COMPILER_GLOBAL_ACCENT_COLOR_NAME = AccentColor;
				CODE_SIGN_STYLE = Automatic;
				CURRENT_PROJECT_VERSION = 1;
				DEVELOPMENT_TEAM = N9D7BC833T;
				GENERATE_INFOPLIST_FILE = YES;
				INFOPLIST_FILE = lecture5/App/Info.plist;
				INFOPLIST_KEY_UIApplicationSupportsIndirectInputEvents = YES;
				INFOPLIST_KEY_UILaunchStoryboardName = LaunchScreen;
				INFOPLIST_KEY_UIMainStoryboardFile = Main;
				INFOPLIST_KEY_UISupportedInterfaceOrientations_iPad = "UIInterfaceOrientationPortrait UIInterfaceOrientationPortraitUpsideDown UIInterfaceOrientationLandscapeLeft UIInterfaceOrientationLandscapeRight";
				INFOPLIST_KEY_UISupportedInterfaceOrientations_iPhone = "UIInterfaceOrientationPortrait UIInterfaceOrientationLandscapeLeft UIInterfaceOrientationLandscapeRight";
				LD_RUNPATH_SEARCH_PATHS = (
					"$(inherited)",
					"@executable_path/Frameworks",
				);
				MARKETING_VERSION = 1.0;
				PRODUCT_BUNDLE_IDENTIFIER = com.krasnovskaya.lecture5;
				PRODUCT_NAME = "$(TARGET_NAME)";
				SWIFT_EMIT_LOC_STRINGS = YES;
				SWIFT_VERSION = 5.0;
				TARGETED_DEVICE_FAMILY = "1,2";
			};
			name = Debug;
		};
		8411C13028CA57DE0045EB68 /* Release */ = {
			isa = XCBuildConfiguration;
			buildSettings = {
				ASSETCATALOG_COMPILER_APPICON_NAME = AppIcon;
				ASSETCATALOG_COMPILER_GLOBAL_ACCENT_COLOR_NAME = AccentColor;
				CODE_SIGN_STYLE = Automatic;
				CURRENT_PROJECT_VERSION = 1;
				DEVELOPMENT_TEAM = N9D7BC833T;
				GENERATE_INFOPLIST_FILE = YES;
				INFOPLIST_FILE = lecture5/App/Info.plist;
				INFOPLIST_KEY_UIApplicationSupportsIndirectInputEvents = YES;
				INFOPLIST_KEY_UILaunchStoryboardName = LaunchScreen;
				INFOPLIST_KEY_UIMainStoryboardFile = Main;
				INFOPLIST_KEY_UISupportedInterfaceOrientations_iPad = "UIInterfaceOrientationPortrait UIInterfaceOrientationPortraitUpsideDown UIInterfaceOrientationLandscapeLeft UIInterfaceOrientationLandscapeRight";
				INFOPLIST_KEY_UISupportedInterfaceOrientations_iPhone = "UIInterfaceOrientationPortrait UIInterfaceOrientationLandscapeLeft UIInterfaceOrientationLandscapeRight";
				LD_RUNPATH_SEARCH_PATHS = (
					"$(inherited)",
					"@executable_path/Frameworks",
				);
				MARKETING_VERSION = 1.0;
				PRODUCT_BUNDLE_IDENTIFIER = com.krasnovskaya.lecture5;
				PRODUCT_NAME = "$(TARGET_NAME)";
				SWIFT_EMIT_LOC_STRINGS = YES;
				SWIFT_VERSION = 5.0;
				TARGETED_DEVICE_FAMILY = "1,2";
			};
			name = Release;
		};
		84AD920E2982BE3800AE6393 /* Debug */ = {
			isa = XCBuildConfiguration;
			buildSettings = {
				BUNDLE_LOADER = "$(TEST_HOST)";
				CLANG_CXX_LANGUAGE_STANDARD = "gnu++20";
				CODE_SIGN_STYLE = Automatic;
				CURRENT_PROJECT_VERSION = 1;
				DEVELOPMENT_TEAM = N9D7BC833T;
				GENERATE_INFOPLIST_FILE = YES;
				IPHONEOS_DEPLOYMENT_TARGET = 16.2;
				MARKETING_VERSION = 1.0;
				PRODUCT_BUNDLE_IDENTIFIER = com.krasnovskaya.InfoViewModelTest;
				PRODUCT_NAME = "$(TARGET_NAME)";
				SWIFT_EMIT_LOC_STRINGS = NO;
				SWIFT_VERSION = 5.0;
				TARGETED_DEVICE_FAMILY = "1,2";
				TEST_HOST = "$(BUILT_PRODUCTS_DIR)/lecture5.app/$(BUNDLE_EXECUTABLE_FOLDER_PATH)/lecture5";
			};
			name = Debug;
		};
		84AD920F2982BE3800AE6393 /* Release */ = {
			isa = XCBuildConfiguration;
			buildSettings = {
				BUNDLE_LOADER = "$(TEST_HOST)";
				CLANG_CXX_LANGUAGE_STANDARD = "gnu++20";
				CODE_SIGN_STYLE = Automatic;
				CURRENT_PROJECT_VERSION = 1;
				DEVELOPMENT_TEAM = N9D7BC833T;
				GENERATE_INFOPLIST_FILE = YES;
				IPHONEOS_DEPLOYMENT_TARGET = 16.2;
				MARKETING_VERSION = 1.0;
				PRODUCT_BUNDLE_IDENTIFIER = com.krasnovskaya.InfoViewModelTest;
				PRODUCT_NAME = "$(TARGET_NAME)";
				SWIFT_EMIT_LOC_STRINGS = NO;
				SWIFT_VERSION = 5.0;
				TARGETED_DEVICE_FAMILY = "1,2";
				TEST_HOST = "$(BUILT_PRODUCTS_DIR)/lecture5.app/$(BUNDLE_EXECUTABLE_FOLDER_PATH)/lecture5";
			};
			name = Release;
		};
/* End XCBuildConfiguration section */

/* Begin XCConfigurationList section */
		8411C11528CA57DC0045EB68 /* Build configuration list for PBXProject "lecture5" */ = {
			isa = XCConfigurationList;
			buildConfigurations = (
				8411C12C28CA57DE0045EB68 /* Debug */,
				8411C12D28CA57DE0045EB68 /* Release */,
			);
			defaultConfigurationIsVisible = 0;
			defaultConfigurationName = Release;
		};
		8411C12E28CA57DE0045EB68 /* Build configuration list for PBXNativeTarget "lecture5" */ = {
			isa = XCConfigurationList;
			buildConfigurations = (
				8411C12F28CA57DE0045EB68 /* Debug */,
				8411C13028CA57DE0045EB68 /* Release */,
			);
			defaultConfigurationIsVisible = 0;
			defaultConfigurationName = Release;
		};
		84AD920D2982BE3800AE6393 /* Build configuration list for PBXNativeTarget "InfoViewModelTest" */ = {
			isa = XCConfigurationList;
			buildConfigurations = (
				84AD920E2982BE3800AE6393 /* Debug */,
				84AD920F2982BE3800AE6393 /* Release */,
			);
			defaultConfigurationIsVisible = 0;
			defaultConfigurationName = Release;
		};
/* End XCConfigurationList section */

/* Begin XCVersionGroup section */
		84313AE02972EE080090F0A0 /* Pub.xcdatamodeld */ = {
			isa = XCVersionGroup;
			children = (
				84313AE12972EE080090F0A0 /* Pub.xcdatamodel */,
			);
			currentVersion = 84313AE12972EE080090F0A0 /* Pub.xcdatamodel */;
			path = Pub.xcdatamodeld;
			sourceTree = "<group>";
			versionGroupType = wrapper.xcdatamodel;
		};
/* End XCVersionGroup section */
	};
	rootObject = 8411C11228CA57DC0045EB68 /* Project object */;
}
